
Microsoft Visual Studio Solution File, Format Version 12.00
# Visual Studio Version 16
VisualStudioVersion = 16.0.30621.155
MinimumVisualStudioVersion = 10.0.40219.1
Project("{FAE04EC0-301F-11D3-BF4B-00C04F79EFBC}") = "WebCloudApp", "WebCloudApp\WebCloudApp.csproj", "{A6BF8FA0-1B65-41F1-AD89-82F60F5781E8}"
EndProject
Global
	GlobalSection(SolutionConfigurationPlatforms) = preSolution
		Debug|Any CPU = Debug|Any CPU
		Release|Any CPU = Release|Any CPU
	EndGlobalSection
	GlobalSection(ProjectConfigurationPlatforms) = postSolution
		{A6BF8FA0-1B65-41F1-AD89-82F60F5781E8}.Debug|Any CPU.ActiveCfg = Debug|Any CPU
		{A6BF8FA0-1B65-41F1-AD89-82F60F5781E8}.Debug|Any CPU.Build.0 = Debug|Any CPU
		{A6BF8FA0-1B65-41F1-AD89-82F60F5781E8}.Release|Any CPU.ActiveCfg = Release|Any CPU
		{A6BF8FA0-1B65-41F1-AD89-82F60F5781E8}.Release|Any CPU.Build.0 = Release|Any CPU
	EndGlobalSection
	GlobalSection(SolutionProperties) = preSolution
		HideSolutionNode = FALSE
	EndGlobalSection
	GlobalSection(ExtensibilityGlobals) = postSolution
		SolutionGuid = {985906F7-1DD5-4D6C-9084-CFFBB802B31A}
	EndGlobalSection
EndGlobal
